
Microsoft Visual Studio Solution File, Format Version 12.00
# Visual Studio 15
VisualStudioVersion = 15.0.26730.12
MinimumVisualStudioVersion = 10.0.40219.1
Project("{FAE04EC0-301F-11D3-BF4B-00C04F79EFBC}") = "HomePainter", "HomePainter\HomePainter.csproj", "{B4BD25DB-2B0B-490F-AD8D-4719866F33CB}"
EndProject
Global
	GlobalSection(SolutionConfigurationPlatforms) = preSolution
		Debug|Any CPU = Debug|Any CPU
		Release|Any CPU = Release|Any CPU
	EndGlobalSection
	GlobalSection(ProjectConfigurationPlatforms) = postSolution
		{B4BD25DB-2B0B-490F-AD8D-4719866F33CB}.Debug|Any CPU.ActiveCfg = Debug|Any CPU
		{B4BD25DB-2B0B-490F-AD8D-4719866F33CB}.Debug|Any CPU.Build.0 = Debug|Any CPU
		{B4BD25DB-2B0B-490F-AD8D-4719866F33CB}.Release|Any CPU.ActiveCfg = Release|Any CPU
		{B4BD25DB-2B0B-490F-AD8D-4719866F33CB}.Release|Any CPU.Build.0 = Release|Any CPU
	EndGlobalSection
	GlobalSection(SolutionProperties) = preSolution
		HideSolutionNode = FALSE
	EndGlobalSection
	GlobalSection(ExtensibilityGlobals) = postSolution
		SolutionGuid = {405212D7-F92C-42BC-8E8B-BAB70AF6D9A9}
	EndGlobalSection
EndGlobal
